
Microsoft Visual Studio Solution File, Format Version 12.00
# Visual Studio Version 17
VisualStudioVersion = 17.11.35303.130
MinimumVisualStudioVersion = 10.0.40219.1
Project("{FAE04EC0-301F-11D3-BF4B-00C04F79EFBC}") = "ASP.NETDefaultAuthenticationPOC", "ASP.NETDefaultAuthenticationPOC\ASP.NETDefaultAuthenticationPOC.csproj", "{35166597-FD4F-41E6-AE5D-F3C7A7CB8D73}"
EndProject
Global
	GlobalSection(SolutionConfigurationPlatforms) = preSolution
		Debug|Any CPU = Debug|Any CPU
		Release|Any CPU = Release|Any CPU
	EndGlobalSection
	GlobalSection(ProjectConfigurationPlatforms) = postSolution
		{35166597-FD4F-41E6-AE5D-F3C7A7CB8D73}.Debug|Any CPU.ActiveCfg = Debug|Any CPU
		{35166597-FD4F-41E6-AE5D-F3C7A7CB8D73}.Debug|Any CPU.Build.0 = Debug|Any CPU
		{35166597-FD4F-41E6-AE5D-F3C7A7CB8D73}.Release|Any CPU.ActiveCfg = Release|Any CPU
		{35166597-FD4F-41E6-AE5D-F3C7A7CB8D73}.Release|Any CPU.Build.0 = Release|Any CPU
	EndGlobalSection
	GlobalSection(SolutionProperties) = preSolution
		HideSolutionNode = FALSE
	EndGlobalSection
	GlobalSection(ExtensibilityGlobals) = postSolution
		SolutionGuid = {7928779B-6DDF-4F8E-9276-F23B0B723C61}
	EndGlobalSection
EndGlobal
